// !$*UTF8*$!
{
	archiveVersion = 1;
	classes = {
	};
	objectVersion = 50;
	objects = {

/* Begin PBXBuildFile section */
		168558F322ABCAF300D68B3C /* PubgAPI.swift in Sources */ = {isa = PBXBuildFile; fileRef = 168558F222ABCAF300D68B3C /* PubgAPI.swift */; };
		1685593722AC144200D68B3C /* JSONSchemaSupport.swift in Sources */ = {isa = PBXBuildFile; fileRef = 1685592C22AC144200D68B3C /* JSONSchemaSupport.swift */; };
		168559FA22AC346A00D68B3C /* PlayerDatum.swift in Sources */ = {isa = PBXBuildFile; fileRef = 168559EF22AC346900D68B3C /* PlayerDatum.swift */; };
		168559FB22AC346A00D68B3C /* PlayerAssets.swift in Sources */ = {isa = PBXBuildFile; fileRef = 168559F022AC346900D68B3C /* PlayerAssets.swift */; };
		168559FC22AC346A00D68B3C /* PlayerMatchesDatum.swift in Sources */ = {isa = PBXBuildFile; fileRef = 168559F122AC346900D68B3C /* PlayerMatchesDatum.swift */; };
		168559FD22AC346A00D68B3C /* PlayerMatches.swift in Sources */ = {isa = PBXBuildFile; fileRef = 168559F222AC346900D68B3C /* PlayerMatches.swift */; };
		168559FE22AC346A00D68B3C /* PlayerLinks.swift in Sources */ = {isa = PBXBuildFile; fileRef = 168559F322AC346900D68B3C /* PlayerLinks.swift */; };
		168559FF22AC346A00D68B3C /* Player.swift in Sources */ = {isa = PBXBuildFile; fileRef = 168559F422AC346900D68B3C /* Player.swift */; };
		16855A0022AC346A00D68B3C /* PlayerType.swift in Sources */ = {isa = PBXBuildFile; fileRef = 168559F522AC346A00D68B3C /* PlayerType.swift */; };
		16855A0122AC346A00D68B3C /* PlayerRelationships.swift in Sources */ = {isa = PBXBuildFile; fileRef = 168559F622AC346A00D68B3C /* PlayerRelationships.swift */; };
		16855A0222AC346A00D68B3C /* PlayerMeta.swift in Sources */ = {isa = PBXBuildFile; fileRef = 168559F722AC346A00D68B3C /* PlayerMeta.swift */; };
		16855A0322AC346A00D68B3C /* PlayerAttributes.swift in Sources */ = {isa = PBXBuildFile; fileRef = 168559F822AC346A00D68B3C /* PlayerAttributes.swift */; };
		16855A0422AC346A00D68B3C /* PlayerDatumLinks.swift in Sources */ = {isa = PBXBuildFile; fileRef = 168559F922AC346A00D68B3C /* PlayerDatumLinks.swift */; };
		16855A2E22AC35F400D68B3C /* MatchMeta.swift in Sources */ = {isa = PBXBuildFile; fileRef = 16855A1B22AC35F200D68B3C /* MatchMeta.swift */; };
		16855A2F22AC35F400D68B3C /* MatchDataAttributes.swift in Sources */ = {isa = PBXBuildFile; fileRef = 16855A1C22AC35F300D68B3C /* MatchDataAttributes.swift */; };
		16855A3022AC35F400D68B3C /* MatchDatum.swift in Sources */ = {isa = PBXBuildFile; fileRef = 16855A1D22AC35F300D68B3C /* MatchDatum.swift */; };
		16855A3122AC35F400D68B3C /* MatchIncludedRelationships.swift in Sources */ = {isa = PBXBuildFile; fileRef = 16855A1E22AC35F300D68B3C /* MatchIncludedRelationships.swift */; };
		16855A3222AC35F400D68B3C /* MatchParticipants.swift in Sources */ = {isa = PBXBuildFile; fileRef = 16855A1F22AC35F300D68B3C /* MatchParticipants.swift */; };
		16855A3322AC35F400D68B3C /* MatchType.swift in Sources */ = {isa = PBXBuildFile; fileRef = 16855A2022AC35F300D68B3C /* MatchType.swift */; };
		16855A3422AC35F400D68B3C /* MatchStats.swift in Sources */ = {isa = PBXBuildFile; fileRef = 16855A2122AC35F300D68B3C /* MatchStats.swift */; };
		16855A3522AC35F400D68B3C /* MatchIncludedAttributes.swift in Sources */ = {isa = PBXBuildFile; fileRef = 16855A2222AC35F300D68B3C /* MatchIncludedAttributes.swift */; };
		16855A3622AC35F400D68B3C /* Match.swift in Sources */ = {isa = PBXBuildFile; fileRef = 16855A2322AC35F300D68B3C /* Match.swift */; };
		16855A3722AC35F400D68B3C /* MatchLinks.swift in Sources */ = {isa = PBXBuildFile; fileRef = 16855A2422AC35F300D68B3C /* MatchLinks.swift */; };
		16855A3822AC35F400D68B3C /* MatchShardID.swift in Sources */ = {isa = PBXBuildFile; fileRef = 16855A2522AC35F300D68B3C /* MatchShardID.swift */; };
		16855A3922AC35F400D68B3C /* MatchDataRelationships.swift in Sources */ = {isa = PBXBuildFile; fileRef = 16855A2622AC35F300D68B3C /* MatchDataRelationships.swift */; };
		16855A3A22AC35F400D68B3C /* MatchRosters.swift in Sources */ = {isa = PBXBuildFile; fileRef = 16855A2722AC35F300D68B3C /* MatchRosters.swift */; };
		16855A3B22AC35F400D68B3C /* MatchTeam.swift in Sources */ = {isa = PBXBuildFile; fileRef = 16855A2822AC35F300D68B3C /* MatchTeam.swift */; };
		16855A3C22AC35F400D68B3C /* MatchDataLinks.swift in Sources */ = {isa = PBXBuildFile; fileRef = 16855A2922AC35F400D68B3C /* MatchDataLinks.swift */; };
		16855A3D22AC35F400D68B3C /* MatchIncluded.swift in Sources */ = {isa = PBXBuildFile; fileRef = 16855A2A22AC35F400D68B3C /* MatchIncluded.swift */; };
		16855A3E22AC35F400D68B3C /* MatchDeathType.swift in Sources */ = {isa = PBXBuildFile; fileRef = 16855A2B22AC35F400D68B3C /* MatchDeathType.swift */; };
		16855A3F22AC35F400D68B3C /* MatchData.swift in Sources */ = {isa = PBXBuildFile; fileRef = 16855A2C22AC35F400D68B3C /* MatchData.swift */; };
		16855A4022AC35F400D68B3C /* MatchAssets.swift in Sources */ = {isa = PBXBuildFile; fileRef = 16855A2D22AC35F400D68B3C /* MatchAssets.swift */; };
		16855A4322AC3A5800D68B3C /* BlueZoneCustomOption.swift in Sources */ = {isa = PBXBuildFile; fileRef = 16855A4222AC3A5800D68B3C /* BlueZoneCustomOption.swift */; };
		16855A4522AC3C4C00D68B3C /* Character.swift in Sources */ = {isa = PBXBuildFile; fileRef = 16855A4422AC3C4C00D68B3C /* Character.swift */; };
		16855A4722AC3CF000D68B3C /* Location.swift in Sources */ = {isa = PBXBuildFile; fileRef = 16855A4622AC3CF000D68B3C /* Location.swift */; };
		16855A4922AC499C00D68B3C /* Stats.swift in Sources */ = {isa = PBXBuildFile; fileRef = 16855A4822AC499C00D68B3C /* Stats.swift */; };
		16855A4B22AC4AD500D68B3C /* GameResult.swift in Sources */ = {isa = PBXBuildFile; fileRef = 16855A4A22AC4AD500D68B3C /* GameResult.swift */; };
		16855A4D22AC4B7900D68B3C /* Vehicle.swift in Sources */ = {isa = PBXBuildFile; fileRef = 16855A4C22AC4B7900D68B3C /* Vehicle.swift */; };
		16855A4F22AC4FCB00D68B3C /* Item.swift in Sources */ = {isa = PBXBuildFile; fileRef = 16855A4E22AC4FCB00D68B3C /* Item.swift */; };
		16855A5122AC515E00D68B3C /* ItemPackage.swift in Sources */ = {isa = PBXBuildFile; fileRef = 16855A5022AC515E00D68B3C /* ItemPackage.swift */; };
		16855A5522AC530A00D68B3C /* GameState.swift in Sources */ = {isa = PBXBuildFile; fileRef = 16855A5422AC530A00D68B3C /* GameState.swift */; };
		16855A5722AC543400D68B3C /* Common.swift in Sources */ = {isa = PBXBuildFile; fileRef = 16855A5622AC543400D68B3C /* Common.swift */; };
		16855A5A22AC54E400D68B3C /* Event.swift in Sources */ = {isa = PBXBuildFile; fileRef = 16855A5922AC54E400D68B3C /* Event.swift */; };
		16855A5C22AC987600D68B3C /* SearchPlayerVC.swift in Sources */ = {isa = PBXBuildFile; fileRef = 16855A5B22AC987600D68B3C /* SearchPlayerVC.swift */; };
		169C525722A81FD5005C5B20 /* AppDelegate.swift in Sources */ = {isa = PBXBuildFile; fileRef = 169C525622A81FD5005C5B20 /* AppDelegate.swift */; };
		169C525922A81FD5005C5B20 /* ARMap.swift in Sources */ = {isa = PBXBuildFile; fileRef = 169C525822A81FD5005C5B20 /* ARMap.swift */; };
		169C525C22A81FD5005C5B20 /* Main.storyboard in Resources */ = {isa = PBXBuildFile; fileRef = 169C525A22A81FD5005C5B20 /* Main.storyboard */; };
		169C525E22A81FD7005C5B20 /* Assets.xcassets in Resources */ = {isa = PBXBuildFile; fileRef = 169C525D22A81FD7005C5B20 /* Assets.xcassets */; };
		169C526122A81FD7005C5B20 /* LaunchScreen.storyboard in Resources */ = {isa = PBXBuildFile; fileRef = 169C525F22A81FD7005C5B20 /* LaunchScreen.storyboard */; };
		169C527822A84228005C5B20 /* ARKit.framework in Frameworks */ = {isa = PBXBuildFile; fileRef = 169C527722A84228005C5B20 /* ARKit.framework */; };
		169C527A22A84463005C5B20 /* MapNode.swift in Sources */ = {isa = PBXBuildFile; fileRef = 169C527922A84463005C5B20 /* MapNode.swift */; };
		169C528022A85A94005C5B20 /* erangelHeightMap.png in Resources */ = {isa = PBXBuildFile; fileRef = 169C527F22A85A94005C5B20 /* erangelHeightMap.png */; };
		16B4ECAB22ACF2DD002036A5 /* PlayerVC.swift in Sources */ = {isa = PBXBuildFile; fileRef = 16B4ECAA22ACF2DD002036A5 /* PlayerVC.swift */; };
		16B4ECAD22AD03A8002036A5 /* MatchVC.swift in Sources */ = {isa = PBXBuildFile; fileRef = 16B4ECAC22AD03A8002036A5 /* MatchVC.swift */; };
		16B4ECAF22AD0488002036A5 /* LoadingAlert.swift in Sources */ = {isa = PBXBuildFile; fileRef = 16B4ECAE22AD0488002036A5 /* LoadingAlert.swift */; };
		16B4ECB422AD08EF002036A5 /* miramarHeightMap.png in Resources */ = {isa = PBXBuildFile; fileRef = 16B4ECB322AD08EF002036A5 /* miramarHeightMap.png */; };
		16B4ECB722AD0910002036A5 /* sanhokHeightMap.png in Resources */ = {isa = PBXBuildFile; fileRef = 16B4ECB622AD0910002036A5 /* sanhokHeightMap.png */; };
		16B4ECB922AD09A3002036A5 /* miramarMap.png in Resources */ = {isa = PBXBuildFile; fileRef = 16B4ECB822AD09A3002036A5 /* miramarMap.png */; };
		16B4ECBB22AD09A9002036A5 /* sanhokMap.png in Resources */ = {isa = PBXBuildFile; fileRef = 16B4ECBA22AD09A9002036A5 /* sanhokMap.png */; };
		16B4ECBD22AD0ED7002036A5 /* ARReplay.swift in Sources */ = {isa = PBXBuildFile; fileRef = 16B4ECBC22AD0ED7002036A5 /* ARReplay.swift */; };
		16B4ECC622AD11BE002036A5 /* SceneKitAsset.scnassets in Resources */ = {isa = PBXBuildFile; fileRef = 16B4ECC522AD11BE002036A5 /* SceneKitAsset.scnassets */; };
		16B4ECC822AD2999002036A5 /* AssetPreload.swift in Sources */ = {isa = PBXBuildFile; fileRef = 16B4ECC722AD2999002036A5 /* AssetPreload.swift */; };
		16B4ECCB22AD2D74002036A5 /* LineDrawing.swift in Sources */ = {isa = PBXBuildFile; fileRef = 16B4ECC922AD2D73002036A5 /* LineDrawing.swift */; };
		16B4ECCC22AD2D74002036A5 /* shaders.metal in Sources */ = {isa = PBXBuildFile; fileRef = 16B4ECCA22AD2D74002036A5 /* shaders.metal */; };
		16B77B5B22AF025300DC99F5 /* vikendiHeigtMap.png in Resources */ = {isa = PBXBuildFile; fileRef = 16B77B5A22AF025300DC99F5 /* vikendiHeigtMap.png */; };
		16B77B5D22AF048900DC99F5 /* vikendi.png in Resources */ = {isa = PBXBuildFile; fileRef = 16B77B5C22AF048900DC99F5 /* vikendi.png */; };
		16B77B5F22AF05F700DC99F5 /* UIColor.swift in Sources */ = {isa = PBXBuildFile; fileRef = 16B77B5E22AF05F700DC99F5 /* UIColor.swift */; };
		16BFA90F22A93D3800E8D824 /* erangelMap.png in Resources */ = {isa = PBXBuildFile; fileRef = 16BFA90E22A93D3700E8D824 /* erangelMap.png */; };
		16BFA93022A9BDF500E8D824 /* airdrop.dae in Resources */ = {isa = PBXBuildFile; fileRef = 16BFA92F22A9BDF500E8D824 /* airdrop.dae */; };
		16C1C9B022AEBDF50097D7AF /* smoke.png in Resources */ = {isa = PBXBuildFile; fileRef = 16C1C9AE22AEBDF50097D7AF /* smoke.png */; };
		16C1C9B122AEBDF50097D7AF /* smoke.scnp in Resources */ = {isa = PBXBuildFile; fileRef = 16C1C9AF22AEBDF50097D7AF /* smoke.scnp */; };
		16ECE2E622AA7DA80060583E /* spawns.json in Resources */ = {isa = PBXBuildFile; fileRef = 16ECE2E522AA7DA80060583E /* spawns.json */; };
		16ECE2E822AA80190060583E /* Spawn.swift in Sources */ = {isa = PBXBuildFile; fileRef = 16ECE2E722AA80190060583E /* Spawn.swift */; };
		16ECE2EC22AA86040060583E /* sports-car.png in Resources */ = {isa = PBXBuildFile; fileRef = 16ECE2EB22AA86040060583E /* sports-car.png */; };
		16ECE2EE22AA86070060583E /* big-anchor.png in Resources */ = {isa = PBXBuildFile; fileRef = 16ECE2ED22AA86070060583E /* big-anchor.png */; };
		B5BA928CF6BD82C1C2DD66FC /* Pods_HeightMapAR.framework in Frameworks */ = {isa = PBXBuildFile; fileRef = C58B72A9AB5267F774953F8D /* Pods_HeightMapAR.framework */; };
/* End PBXBuildFile section */

/* Begin PBXFileReference section */
		168558F222ABCAF300D68B3C /* PubgAPI.swift */ = {isa = PBXFileReference; fileEncoding = 4; lastKnownFileType = sourcecode.swift; path = PubgAPI.swift; sourceTree = "<group>"; };
		1685592C22AC144200D68B3C /* JSONSchemaSupport.swift */ = {isa = PBXFileReference; fileEncoding = 4; lastKnownFileType = sourcecode.swift; path = JSONSchemaSupport.swift; sourceTree = "<group>"; };
		168559EF22AC346900D68B3C /* PlayerDatum.swift */ = {isa = PBXFileReference; fileEncoding = 4; lastKnownFileType = sourcecode.swift; path = PlayerDatum.swift; sourceTree = "<group>"; };
		168559F022AC346900D68B3C /* PlayerAssets.swift */ = {isa = PBXFileReference; fileEncoding = 4; lastKnownFileType = sourcecode.swift; path = PlayerAssets.swift; sourceTree = "<group>"; };
		168559F122AC346900D68B3C /* PlayerMatchesDatum.swift */ = {isa = PBXFileReference; fileEncoding = 4; lastKnownFileType = sourcecode.swift; path = PlayerMatchesDatum.swift; sourceTree = "<group>"; };
		168559F222AC346900D68B3C /* PlayerMatches.swift */ = {isa = PBXFileReference; fileEncoding = 4; lastKnownFileType = sourcecode.swift; path = PlayerMatches.swift; sourceTree = "<group>"; };
		168559F322AC346900D68B3C /* PlayerLinks.swift */ = {isa = PBXFileReference; fileEncoding = 4; lastKnownFileType = sourcecode.swift; path = PlayerLinks.swift; sourceTree = "<group>"; };
		168559F422AC346900D68B3C /* Player.swift */ = {isa = PBXFileReference; fileEncoding = 4; lastKnownFileType = sourcecode.swift; path = Player.swift; sourceTree = "<group>"; };
		168559F522AC346A00D68B3C /* PlayerType.swift */ = {isa = PBXFileReference; fileEncoding = 4; lastKnownFileType = sourcecode.swift; path = PlayerType.swift; sourceTree = "<group>"; };
		168559F622AC346A00D68B3C /* PlayerRelationships.swift */ = {isa = PBXFileReference; fileEncoding = 4; lastKnownFileType = sourcecode.swift; path = PlayerRelationships.swift; sourceTree = "<group>"; };
		168559F722AC346A00D68B3C /* PlayerMeta.swift */ = {isa = PBXFileReference; fileEncoding = 4; lastKnownFileType = sourcecode.swift; path = PlayerMeta.swift; sourceTree = "<group>"; };
		168559F822AC346A00D68B3C /* PlayerAttributes.swift */ = {isa = PBXFileReference; fileEncoding = 4; lastKnownFileType = sourcecode.swift; path = PlayerAttributes.swift; sourceTree = "<group>"; };
		168559F922AC346A00D68B3C /* PlayerDatumLinks.swift */ = {isa = PBXFileReference; fileEncoding = 4; lastKnownFileType = sourcecode.swift; path = PlayerDatumLinks.swift; sourceTree = "<group>"; };
		16855A1B22AC35F200D68B3C /* MatchMeta.swift */ = {isa = PBXFileReference; fileEncoding = 4; lastKnownFileType = sourcecode.swift; path = MatchMeta.swift; sourceTree = "<group>"; };
		16855A1C22AC35F300D68B3C /* MatchDataAttributes.swift */ = {isa = PBXFileReference; fileEncoding = 4; lastKnownFileType = sourcecode.swift; path = MatchDataAttributes.swift; sourceTree = "<group>"; };
		16855A1D22AC35F300D68B3C /* MatchDatum.swift */ = {isa = PBXFileReference; fileEncoding = 4; lastKnownFileType = sourcecode.swift; path = MatchDatum.swift; sourceTree = "<group>"; };
		16855A1E22AC35F300D68B3C /* MatchIncludedRelationships.swift */ = {isa = PBXFileReference; fileEncoding = 4; lastKnownFileType = sourcecode.swift; path = MatchIncludedRelationships.swift; sourceTree = "<group>"; };
		16855A1F22AC35F300D68B3C /* MatchParticipants.swift */ = {isa = PBXFileReference; fileEncoding = 4; lastKnownFileType = sourcecode.swift; path = MatchParticipants.swift; sourceTree = "<group>"; };
		16855A2022AC35F300D68B3C /* MatchType.swift */ = {isa = PBXFileReference; fileEncoding = 4; lastKnownFileType = sourcecode.swift; path = MatchType.swift; sourceTree = "<group>"; };
		16855A2122AC35F300D68B3C /* MatchStats.swift */ = {isa = PBXFileReference; fileEncoding = 4; lastKnownFileType = sourcecode.swift; path = MatchStats.swift; sourceTree = "<group>"; };
		16855A2222AC35F300D68B3C /* MatchIncludedAttributes.swift */ = {isa = PBXFileReference; fileEncoding = 4; lastKnownFileType = sourcecode.swift; path = MatchIncludedAttributes.swift; sourceTree = "<group>"; };
		16855A2322AC35F300D68B3C /* Match.swift */ = {isa = PBXFileReference; fileEncoding = 4; lastKnownFileType = sourcecode.swift; path = Match.swift; sourceTree = "<group>"; };
		16855A2422AC35F300D68B3C /* MatchLinks.swift */ = {isa = PBXFileReference; fileEncoding = 4; lastKnownFileType = sourcecode.swift; path = MatchLinks.swift; sourceTree = "<group>"; };
		16855A2522AC35F300D68B3C /* MatchShardID.swift */ = {isa = PBXFileReference; fileEncoding = 4; lastKnownFileType = sourcecode.swift; path = MatchShardID.swift; sourceTree = "<group>"; };
		16855A2622AC35F300D68B3C /* MatchDataRelationships.swift */ = {isa = PBXFileReference; fileEncoding = 4; lastKnownFileType = sourcecode.swift; path = MatchDataRelationships.swift; sourceTree = "<group>"; };
		16855A2722AC35F300D68B3C /* MatchRosters.swift */ = {isa = PBXFileReference; fileEncoding = 4; lastKnownFileType = sourcecode.swift; path = MatchRosters.swift; sourceTree = "<group>"; };
		16855A2822AC35F300D68B3C /* MatchTeam.swift */ = {isa = PBXFileReference; fileEncoding = 4; lastKnownFileType = sourcecode.swift; path = MatchTeam.swift; sourceTree = "<group>"; };
		16855A2922AC35F400D68B3C /* MatchDataLinks.swift */ = {isa = PBXFileReference; fileEncoding = 4; lastKnownFileType = sourcecode.swift; path = MatchDataLinks.swift; sourceTree = "<group>"; };
		16855A2A22AC35F400D68B3C /* MatchIncluded.swift */ = {isa = PBXFileReference; fileEncoding = 4; lastKnownFileType = sourcecode.swift; path = MatchIncluded.swift; sourceTree = "<group>"; };
		16855A2B22AC35F400D68B3C /* MatchDeathType.swift */ = {isa = PBXFileReference; fileEncoding = 4; lastKnownFileType = sourcecode.swift; path = MatchDeathType.swift; sourceTree = "<group>"; };
		16855A2C22AC35F400D68B3C /* MatchData.swift */ = {isa = PBXFileReference; fileEncoding = 4; lastKnownFileType = sourcecode.swift; path = MatchData.swift; sourceTree = "<group>"; };
		16855A2D22AC35F400D68B3C /* MatchAssets.swift */ = {isa = PBXFileReference; fileEncoding = 4; lastKnownFileType = sourcecode.swift; path = MatchAssets.swift; sourceTree = "<group>"; };
		16855A4222AC3A5800D68B3C /* BlueZoneCustomOption.swift */ = {isa = PBXFileReference; lastKnownFileType = sourcecode.swift; path = BlueZoneCustomOption.swift; sourceTree = "<group>"; };
		16855A4422AC3C4C00D68B3C /* Character.swift */ = {isa = PBXFileReference; lastKnownFileType = sourcecode.swift; path = Character.swift; sourceTree = "<group>"; };
		16855A4622AC3CF000D68B3C /* Location.swift */ = {isa = PBXFileReference; lastKnownFileType = sourcecode.swift; path = Location.swift; sourceTree = "<group>"; };
		16855A4822AC499C00D68B3C /* Stats.swift */ = {isa = PBXFileReference; lastKnownFileType = sourcecode.swift; path = Stats.swift; sourceTree = "<group>"; };
		16855A4A22AC4AD500D68B3C /* GameResult.swift */ = {isa = PBXFileReference; lastKnownFileType = sourcecode.swift; path = GameResult.swift; sourceTree = "<group>"; };
		16855A4C22AC4B7900D68B3C /* Vehicle.swift */ = {isa = PBXFileReference; lastKnownFileType = sourcecode.swift; path = Vehicle.swift; sourceTree = "<group>"; };
		16855A4E22AC4FCB00D68B3C /* Item.swift */ = {isa = PBXFileReference; lastKnownFileType = sourcecode.swift; path = Item.swift; sourceTree = "<group>"; };
		16855A5022AC515E00D68B3C /* ItemPackage.swift */ = {isa = PBXFileReference; lastKnownFileType = sourcecode.swift; path = ItemPackage.swift; sourceTree = "<group>"; };
		16855A5422AC530A00D68B3C /* GameState.swift */ = {isa = PBXFileReference; lastKnownFileType = sourcecode.swift; path = GameState.swift; sourceTree = "<group>"; };
		16855A5622AC543400D68B3C /* Common.swift */ = {isa = PBXFileReference; lastKnownFileType = sourcecode.swift; path = Common.swift; sourceTree = "<group>"; };
		16855A5922AC54E400D68B3C /* Event.swift */ = {isa = PBXFileReference; lastKnownFileType = sourcecode.swift; path = Event.swift; sourceTree = "<group>"; };
		16855A5B22AC987600D68B3C /* SearchPlayerVC.swift */ = {isa = PBXFileReference; lastKnownFileType = sourcecode.swift; path = SearchPlayerVC.swift; sourceTree = "<group>"; };
		169C525322A81FD5005C5B20 /* HeightMapAR.app */ = {isa = PBXFileReference; explicitFileType = wrapper.application; includeInIndex = 0; path = HeightMapAR.app; sourceTree = BUILT_PRODUCTS_DIR; };
		169C525622A81FD5005C5B20 /* AppDelegate.swift */ = {isa = PBXFileReference; lastKnownFileType = sourcecode.swift; path = AppDelegate.swift; sourceTree = "<group>"; };
		169C525822A81FD5005C5B20 /* ARMap.swift */ = {isa = PBXFileReference; lastKnownFileType = sourcecode.swift; path = ARMap.swift; sourceTree = "<group>"; };
		169C525B22A81FD5005C5B20 /* Base */ = {isa = PBXFileReference; lastKnownFileType = file.storyboard; name = Base; path = Base.lproj/Main.storyboard; sourceTree = "<group>"; };
		169C525D22A81FD7005C5B20 /* Assets.xcassets */ = {isa = PBXFileReference; lastKnownFileType = folder.assetcatalog; path = Assets.xcassets; sourceTree = "<group>"; };
		169C526022A81FD7005C5B20 /* Base */ = {isa = PBXFileReference; lastKnownFileType = file.storyboard; name = Base; path = Base.lproj/LaunchScreen.storyboard; sourceTree = "<group>"; };
		169C526222A81FD7005C5B20 /* Info.plist */ = {isa = PBXFileReference; lastKnownFileType = text.plist.xml; path = Info.plist; sourceTree = "<group>"; };
		169C527722A84228005C5B20 /* ARKit.framework */ = {isa = PBXFileReference; lastKnownFileType = wrapper.framework; name = ARKit.framework; path = System/Library/Frameworks/ARKit.framework; sourceTree = SDKROOT; };
		169C527922A84463005C5B20 /* MapNode.swift */ = {isa = PBXFileReference; lastKnownFileType = sourcecode.swift; path = MapNode.swift; sourceTree = "<group>"; };
		169C527F22A85A94005C5B20 /* erangelHeightMap.png */ = {isa = PBXFileReference; lastKnownFileType = image.png; path = erangelHeightMap.png; sourceTree = "<group>"; };
		16B4ECAA22ACF2DD002036A5 /* PlayerVC.swift */ = {isa = PBXFileReference; lastKnownFileType = sourcecode.swift; path = PlayerVC.swift; sourceTree = "<group>"; };
		16B4ECAC22AD03A8002036A5 /* MatchVC.swift */ = {isa = PBXFileReference; lastKnownFileType = sourcecode.swift; path = MatchVC.swift; sourceTree = "<group>"; };
		16B4ECAE22AD0488002036A5 /* LoadingAlert.swift */ = {isa = PBXFileReference; lastKnownFileType = sourcecode.swift; path = LoadingAlert.swift; sourceTree = "<group>"; };
		16B4ECB322AD08EF002036A5 /* miramarHeightMap.png */ = {isa = PBXFileReference; lastKnownFileType = image.png; path = miramarHeightMap.png; sourceTree = "<group>"; };
		16B4ECB622AD0910002036A5 /* sanhokHeightMap.png */ = {isa = PBXFileReference; lastKnownFileType = image.png; path = sanhokHeightMap.png; sourceTree = "<group>"; };
		16B4ECB822AD09A3002036A5 /* miramarMap.png */ = {isa = PBXFileReference; lastKnownFileType = image.png; path = miramarMap.png; sourceTree = "<group>"; };
		16B4ECBA22AD09A9002036A5 /* sanhokMap.png */ = {isa = PBXFileReference; lastKnownFileType = image.png; path = sanhokMap.png; sourceTree = "<group>"; };
		16B4ECBC22AD0ED7002036A5 /* ARReplay.swift */ = {isa = PBXFileReference; lastKnownFileType = sourcecode.swift; path = ARReplay.swift; sourceTree = "<group>"; };
		16B4ECC522AD11BE002036A5 /* SceneKitAsset.scnassets */ = {isa = PBXFileReference; lastKnownFileType = wrapper.scnassets; path = SceneKitAsset.scnassets; sourceTree = "<group>"; };
		16B4ECC722AD2999002036A5 /* AssetPreload.swift */ = {isa = PBXFileReference; lastKnownFileType = sourcecode.swift; path = AssetPreload.swift; sourceTree = "<group>"; };
		16B4ECC922AD2D73002036A5 /* LineDrawing.swift */ = {isa = PBXFileReference; fileEncoding = 4; lastKnownFileType = sourcecode.swift; path = LineDrawing.swift; sourceTree = "<group>"; };
		16B4ECCA22AD2D74002036A5 /* shaders.metal */ = {isa = PBXFileReference; fileEncoding = 4; lastKnownFileType = sourcecode.metal; path = shaders.metal; sourceTree = "<group>"; };
		16B77B5A22AF025300DC99F5 /* vikendiHeigtMap.png */ = {isa = PBXFileReference; lastKnownFileType = image.png; path = vikendiHeigtMap.png; sourceTree = "<group>"; };
		16B77B5C22AF048900DC99F5 /* vikendi.png */ = {isa = PBXFileReference; lastKnownFileType = image.png; path = vikendi.png; sourceTree = "<group>"; };
		16B77B5E22AF05F700DC99F5 /* UIColor.swift */ = {isa = PBXFileReference; lastKnownFileType = sourcecode.swift; path = UIColor.swift; sourceTree = "<group>"; };
		16BFA90E22A93D3700E8D824 /* erangelMap.png */ = {isa = PBXFileReference; lastKnownFileType = image.png; path = erangelMap.png; sourceTree = "<group>"; };
		16BFA92F22A9BDF500E8D824 /* airdrop.dae */ = {isa = PBXFileReference; fileEncoding = 4; lastKnownFileType = text.xml.dae; path = airdrop.dae; sourceTree = "<group>"; };
		16C1C9AE22AEBDF50097D7AF /* smoke.png */ = {isa = PBXFileReference; lastKnownFileType = image.png; path = smoke.png; sourceTree = "<group>"; };
		16C1C9AF22AEBDF50097D7AF /* smoke.scnp */ = {isa = PBXFileReference; lastKnownFileType = file.scp; path = smoke.scnp; sourceTree = "<group>"; };
		16ECE2E522AA7DA80060583E /* spawns.json */ = {isa = PBXFileReference; fileEncoding = 4; lastKnownFileType = text.json; path = spawns.json; sourceTree = "<group>"; };
		16ECE2E722AA80190060583E /* Spawn.swift */ = {isa = PBXFileReference; lastKnownFileType = sourcecode.swift; path = Spawn.swift; sourceTree = "<group>"; };
		16ECE2EB22AA86040060583E /* sports-car.png */ = {isa = PBXFileReference; lastKnownFileType = image.png; path = "sports-car.png"; sourceTree = "<group>"; };
		16ECE2ED22AA86070060583E /* big-anchor.png */ = {isa = PBXFileReference; lastKnownFileType = image.png; path = "big-anchor.png"; sourceTree = "<group>"; };
		32652AF5BE20EB9DB2DC95A7 /* Pods-HeightMapAR.debug.xcconfig */ = {isa = PBXFileReference; includeInIndex = 1; lastKnownFileType = text.xcconfig; name = "Pods-HeightMapAR.debug.xcconfig"; path = "Target Support Files/Pods-HeightMapAR/Pods-HeightMapAR.debug.xcconfig"; sourceTree = "<group>"; };
		C58B72A9AB5267F774953F8D /* Pods_HeightMapAR.framework */ = {isa = PBXFileReference; explicitFileType = wrapper.framework; includeInIndex = 0; path = Pods_HeightMapAR.framework; sourceTree = BUILT_PRODUCTS_DIR; };
		F21C6E35EA0AE25EF60AE897 /* Pods-HeightMapAR.release.xcconfig */ = {isa = PBXFileReference; includeInIndex = 1; lastKnownFileType = text.xcconfig; name = "Pods-HeightMapAR.release.xcconfig"; path = "Target Support Files/Pods-HeightMapAR/Pods-HeightMapAR.release.xcconfig"; sourceTree = "<group>"; };
/* End PBXFileReference section */

/* Begin PBXFrameworksBuildPhase section */
		169C525022A81FD5005C5B20 /* Frameworks */ = {
			isa = PBXFrameworksBuildPhase;
			buildActionMask = 2147483647;
			files = (
				169C527822A84228005C5B20 /* ARKit.framework in Frameworks */,
				B5BA928CF6BD82C1C2DD66FC /* Pods_HeightMapAR.framework in Frameworks */,
			);
			runOnlyForDeploymentPostprocessing = 0;
		};
/* End PBXFrameworksBuildPhase section */

/* Begin PBXGroup section */
		168558F622ABCDB300D68B3C /* PubgAPI */ = {
			isa = PBXGroup;
			children = (
				168558FE22AC12C000D68B3C /* Models */,
				168558F222ABCAF300D68B3C /* PubgAPI.swift */,
			);
			path = PubgAPI;
			sourceTree = "<group>";
		};
		168558F922ABFD4100D68B3C /* AR */ = {
			isa = PBXGroup;
			children = (
				169C525822A81FD5005C5B20 /* ARMap.swift */,
				16B4ECBC22AD0ED7002036A5 /* ARReplay.swift */,
				16B77B5E22AF05F700DC99F5 /* UIColor.swift */,
				16B4ECBE22AD0EDD002036A5 /* Nodes */,
			);
			path = AR;
			sourceTree = "<group>";
		};
		168558FA22ABFD5400D68B3C /* assets */ = {
			isa = PBXGroup;
			children = (
				16ECE2EB22AA86040060583E /* sports-car.png */,
				16ECE2ED22AA86070060583E /* big-anchor.png */,
				16ECE2E522AA7DA80060583E /* spawns.json */,
				16BFA92F22A9BDF500E8D824 /* airdrop.dae */,
				16B4ECB022AD08A8002036A5 /* Map */,
				16B4ECC522AD11BE002036A5 /* SceneKitAsset.scnassets */,
				16C1C9AE22AEBDF50097D7AF /* smoke.png */,
				16C1C9AF22AEBDF50097D7AF /* smoke.scnp */,
			);
			path = assets;
			sourceTree = "<group>";
		};
		168558FE22AC12C000D68B3C /* Models */ = {
			isa = PBXGroup;
			children = (
				1685592C22AC144200D68B3C /* JSONSchemaSupport.swift */,
				1685591422AC134800D68B3C /* Player */,
				1685591322AC12D300D68B3C /* Match */,
				16855A5822AC54D100D68B3C /* Events */,
				16855A4122AC399C00D68B3C /* TelemtryObject */,
			);
			path = Models;
			sourceTree = "<group>";
		};
		1685591322AC12D300D68B3C /* Match */ = {
			isa = PBXGroup;
			children = (
				16855A2322AC35F300D68B3C /* Match.swift */,
				16855A2D22AC35F400D68B3C /* MatchAssets.swift */,
				16855A2C22AC35F400D68B3C /* MatchData.swift */,
				16855A1C22AC35F300D68B3C /* MatchDataAttributes.swift */,
				16855A2922AC35F400D68B3C /* MatchDataLinks.swift */,
				16855A2622AC35F300D68B3C /* MatchDataRelationships.swift */,
				16855A1D22AC35F300D68B3C /* MatchDatum.swift */,
				16855A2B22AC35F400D68B3C /* MatchDeathType.swift */,
				16855A2A22AC35F400D68B3C /* MatchIncluded.swift */,
				16855A2222AC35F300D68B3C /* MatchIncludedAttributes.swift */,
				16855A1E22AC35F300D68B3C /* MatchIncludedRelationships.swift */,
				16855A2422AC35F300D68B3C /* MatchLinks.swift */,
				16855A1B22AC35F200D68B3C /* MatchMeta.swift */,
				16855A1F22AC35F300D68B3C /* MatchParticipants.swift */,
				16855A2722AC35F300D68B3C /* MatchRosters.swift */,
				16855A2522AC35F300D68B3C /* MatchShardID.swift */,
				16855A2122AC35F300D68B3C /* MatchStats.swift */,
				16855A2822AC35F300D68B3C /* MatchTeam.swift */,
				16855A2022AC35F300D68B3C /* MatchType.swift */,
			);
			path = Match;
			sourceTree = "<group>";
		};
		1685591422AC134800D68B3C /* Player */ = {
			isa = PBXGroup;
			children = (
				168559F422AC346900D68B3C /* Player.swift */,
				168559F022AC346900D68B3C /* PlayerAssets.swift */,
				168559F822AC346A00D68B3C /* PlayerAttributes.swift */,
				168559EF22AC346900D68B3C /* PlayerDatum.swift */,
				168559F922AC346A00D68B3C /* PlayerDatumLinks.swift */,
				168559F322AC346900D68B3C /* PlayerLinks.swift */,
				168559F222AC346900D68B3C /* PlayerMatches.swift */,
				168559F122AC346900D68B3C /* PlayerMatchesDatum.swift */,
				168559F722AC346A00D68B3C /* PlayerMeta.swift */,
				168559F622AC346A00D68B3C /* PlayerRelationships.swift */,
				168559F522AC346A00D68B3C /* PlayerType.swift */,
			);
			path = Player;
			sourceTree = "<group>";
		};
		16855A4122AC399C00D68B3C /* TelemtryObject */ = {
			isa = PBXGroup;
			children = (
				16855A4222AC3A5800D68B3C /* BlueZoneCustomOption.swift */,
				16855A4422AC3C4C00D68B3C /* Character.swift */,
				16855A4622AC3CF000D68B3C /* Location.swift */,
				16855A4822AC499C00D68B3C /* Stats.swift */,
				16855A4A22AC4AD500D68B3C /* GameResult.swift */,
				16855A4C22AC4B7900D68B3C /* Vehicle.swift */,
				16855A4E22AC4FCB00D68B3C /* Item.swift */,
				16855A5022AC515E00D68B3C /* ItemPackage.swift */,
				16855A5422AC530A00D68B3C /* GameState.swift */,
				16855A5622AC543400D68B3C /* Common.swift */,
			);
			path = TelemtryObject;
			sourceTree = "<group>";
		};
		16855A5822AC54D100D68B3C /* Events */ = {
			isa = PBXGroup;
			children = (
				16855A5922AC54E400D68B3C /* Event.swift */,
			);
			path = Events;
			sourceTree = "<group>";
		};
		16855A5D22AC987F00D68B3C /* MainUI */ = {
			isa = PBXGroup;
			children = (
				16855A5B22AC987600D68B3C /* SearchPlayerVC.swift */,
				16B4ECAA22ACF2DD002036A5 /* PlayerVC.swift */,
				16B4ECAC22AD03A8002036A5 /* MatchVC.swift */,
				16B4ECAE22AD0488002036A5 /* LoadingAlert.swift */,
			);
			path = MainUI;
			sourceTree = "<group>";
		};
		169C524A22A81FD5005C5B20 = {
			isa = PBXGroup;
			children = (
				169C525522A81FD5005C5B20 /* HeightMapAR */,
				169C525422A81FD5005C5B20 /* Products */,
				169C527622A84228005C5B20 /* Frameworks */,
				7DD02B02160151C6E3AF4A16 /* Pods */,
			);
			sourceTree = "<group>";
		};
		169C525422A81FD5005C5B20 /* Products */ = {
			isa = PBXGroup;
			children = (
				169C525322A81FD5005C5B20 /* HeightMapAR.app */,
			);
			name = Products;
			sourceTree = "<group>";
		};
		169C525522A81FD5005C5B20 /* HeightMapAR */ = {
			isa = PBXGroup;
			children = (
				169C525622A81FD5005C5B20 /* AppDelegate.swift */,
				168558FA22ABFD5400D68B3C /* assets */,
				168558F922ABFD4100D68B3C /* AR */,
				16855A5D22AC987F00D68B3C /* MainUI */,
				168558F622ABCDB300D68B3C /* PubgAPI */,
				169C525A22A81FD5005C5B20 /* Main.storyboard */,
				169C525D22A81FD7005C5B20 /* Assets.xcassets */,
				169C525F22A81FD7005C5B20 /* LaunchScreen.storyboard */,
				169C526222A81FD7005C5B20 /* Info.plist */,
			);
			path = HeightMapAR;
			sourceTree = "<group>";
		};
		169C527622A84228005C5B20 /* Frameworks */ = {
			isa = PBXGroup;
			children = (
				169C527722A84228005C5B20 /* ARKit.framework */,
				C58B72A9AB5267F774953F8D /* Pods_HeightMapAR.framework */,
			);
			name = Frameworks;
			sourceTree = "<group>";
		};
		16B4ECB022AD08A8002036A5 /* Map */ = {
			isa = PBXGroup;
			children = (
				16B77B5922AF022800DC99F5 /* Vikendi */,
				16B4ECB522AD08FD002036A5 /* Sanhok */,
				16B4ECB222AD08D4002036A5 /* Miramar */,
				16B4ECB122AD08BF002036A5 /* Erangel */,
			);
			path = Map;
			sourceTree = "<group>";
		};
		16B4ECB122AD08BF002036A5 /* Erangel */ = {
			isa = PBXGroup;
			children = (
				169C527F22A85A94005C5B20 /* erangelHeightMap.png */,
				16BFA90E22A93D3700E8D824 /* erangelMap.png */,
			);
			path = Erangel;
			sourceTree = "<group>";
		};
		16B4ECB222AD08D4002036A5 /* Miramar */ = {
			isa = PBXGroup;
			children = (
				16B4ECB322AD08EF002036A5 /* miramarHeightMap.png */,
				16B4ECB822AD09A3002036A5 /* miramarMap.png */,
			);
			path = Miramar;
			sourceTree = "<group>";
		};
		16B4ECB522AD08FD002036A5 /* Sanhok */ = {
			isa = PBXGroup;
			children = (
				16B4ECB622AD0910002036A5 /* sanhokHeightMap.png */,
				16B4ECBA22AD09A9002036A5 /* sanhokMap.png */,
			);
			path = Sanhok;
			sourceTree = "<group>";
		};
		16B4ECBE22AD0EDD002036A5 /* Nodes */ = {
			isa = PBXGroup;
			children = (
				16B4ECC722AD2999002036A5 /* AssetPreload.swift */,
				169C527922A84463005C5B20 /* MapNode.swift */,
				16ECE2E722AA80190060583E /* Spawn.swift */,
				16B4ECC922AD2D73002036A5 /* LineDrawing.swift */,
				16B4ECCA22AD2D74002036A5 /* shaders.metal */,
			);
			path = Nodes;
			sourceTree = "<group>";
		};
		16B77B5922AF022800DC99F5 /* Vikendi */ = {
			isa = PBXGroup;
			children = (
				16B77B5C22AF048900DC99F5 /* vikendi.png */,
				16B77B5A22AF025300DC99F5 /* vikendiHeigtMap.png */,
			);
			path = Vikendi;
			sourceTree = "<group>";
		};
		7DD02B02160151C6E3AF4A16 /* Pods */ = {
			isa = PBXGroup;
			children = (
				32652AF5BE20EB9DB2DC95A7 /* Pods-HeightMapAR.debug.xcconfig */,
				F21C6E35EA0AE25EF60AE897 /* Pods-HeightMapAR.release.xcconfig */,
			);
			path = Pods;
			sourceTree = "<group>";
		};
/* End PBXGroup section */

/* Begin PBXNativeTarget section */
		169C525222A81FD5005C5B20 /* HeightMapAR */ = {
			isa = PBXNativeTarget;
			buildConfigurationList = 169C526522A81FD7005C5B20 /* Build configuration list for PBXNativeTarget "HeightMapAR" */;
			buildPhases = (
				F6E535055614034B7FB41329 /* [CP] Check Pods Manifest.lock */,
				169C524F22A81FD5005C5B20 /* Sources */,
				169C525022A81FD5005C5B20 /* Frameworks */,
				169C525122A81FD5005C5B20 /* Resources */,
				7A01E1FA846A81C619680CA1 /* [CP] Embed Pods Frameworks */,
			);
			buildRules = (
			);
			dependencies = (
			);
			name = HeightMapAR;
			productName = HeightMapAR;
			productReference = 169C525322A81FD5005C5B20 /* HeightMapAR.app */;
			productType = "com.apple.product-type.application";
		};
/* End PBXNativeTarget section */

/* Begin PBXProject section */
		169C524B22A81FD5005C5B20 /* Project object */ = {
			isa = PBXProject;
			attributes = {
				LastSwiftUpdateCheck = 1020;
				LastUpgradeCheck = 1020;
				ORGANIZATIONNAME = "Tran Giang Long";
				TargetAttributes = {
					169C525222A81FD5005C5B20 = {
						CreatedOnToolsVersion = 10.2.1;
					};
				};
			};
			buildConfigurationList = 169C524E22A81FD5005C5B20 /* Build configuration list for PBXProject "HeightMapAR" */;
			compatibilityVersion = "Xcode 9.3";
			developmentRegion = en;
			hasScannedForEncodings = 0;
			knownRegions = (
				en,
				Base,
			);
			mainGroup = 169C524A22A81FD5005C5B20;
			productRefGroup = 169C525422A81FD5005C5B20 /* Products */;
			projectDirPath = "";
			projectRoot = "";
			targets = (
				169C525222A81FD5005C5B20 /* HeightMapAR */,
			);
		};
/* End PBXProject section */

/* Begin PBXResourcesBuildPhase section */
		169C525122A81FD5005C5B20 /* Resources */ = {
			isa = PBXResourcesBuildPhase;
			buildActionMask = 2147483647;
			files = (
				16B4ECB422AD08EF002036A5 /* miramarHeightMap.png in Resources */,
				16ECE2EE22AA86070060583E /* big-anchor.png in Resources */,
				16B77B5D22AF048900DC99F5 /* vikendi.png in Resources */,
				16B4ECC622AD11BE002036A5 /* SceneKitAsset.scnassets in Resources */,
				169C526122A81FD7005C5B20 /* LaunchScreen.storyboard in Resources */,
				16BFA93022A9BDF500E8D824 /* airdrop.dae in Resources */,
				16BFA90F22A93D3800E8D824 /* erangelMap.png in Resources */,
				169C528022A85A94005C5B20 /* erangelHeightMap.png in Resources */,
				16C1C9B022AEBDF50097D7AF /* smoke.png in Resources */,
				16B4ECBB22AD09A9002036A5 /* sanhokMap.png in Resources */,
				16B4ECB722AD0910002036A5 /* sanhokHeightMap.png in Resources */,
				16B4ECB922AD09A3002036A5 /* miramarMap.png in Resources */,
				16C1C9B122AEBDF50097D7AF /* smoke.scnp in Resources */,
				16B77B5B22AF025300DC99F5 /* vikendiHeigtMap.png in Resources */,
				169C525E22A81FD7005C5B20 /* Assets.xcassets in Resources */,
				169C525C22A81FD5005C5B20 /* Main.storyboard in Resources */,
				16ECE2E622AA7DA80060583E /* spawns.json in Resources */,
				16ECE2EC22AA86040060583E /* sports-car.png in Resources */,
			);
			runOnlyForDeploymentPostprocessing = 0;
		};
/* End PBXResourcesBuildPhase section */

/* Begin PBXShellScriptBuildPhase section */
		7A01E1FA846A81C619680CA1 /* [CP] Embed Pods Frameworks */ = {
			isa = PBXShellScriptBuildPhase;
			buildActionMask = 2147483647;
			files = (
			);
			inputFileListPaths = (
			);
			inputPaths = (
				"${PODS_ROOT}/Target Support Files/Pods-HeightMapAR/Pods-HeightMapAR-frameworks.sh",
				"${BUILT_PRODUCTS_DIR}/Alamofire/Alamofire.framework",
				"${BUILT_PRODUCTS_DIR}/RxCocoa/RxCocoa.framework",
				"${BUILT_PRODUCTS_DIR}/RxRelay/RxRelay.framework",
				"${BUILT_PRODUCTS_DIR}/RxSwift/RxSwift.framework",
			);
			name = "[CP] Embed Pods Frameworks";
			outputFileListPaths = (
			);
			outputPaths = (
				"${TARGET_BUILD_DIR}/${FRAMEWORKS_FOLDER_PATH}/Alamofire.framework",
				"${TARGET_BUILD_DIR}/${FRAMEWORKS_FOLDER_PATH}/RxCocoa.framework",
				"${TARGET_BUILD_DIR}/${FRAMEWORKS_FOLDER_PATH}/RxRelay.framework",
				"${TARGET_BUILD_DIR}/${FRAMEWORKS_FOLDER_PATH}/RxSwift.framework",
			);
			runOnlyForDeploymentPostprocessing = 0;
			shellPath = /bin/sh;
			shellScript = "\"${PODS_ROOT}/Target Support Files/Pods-HeightMapAR/Pods-HeightMapAR-frameworks.sh\"\n";
			showEnvVarsInLog = 0;
		};
		F6E535055614034B7FB41329 /* [CP] Check Pods Manifest.lock */ = {
			isa = PBXShellScriptBuildPhase;
			buildActionMask = 2147483647;
			files = (
			);
			inputFileListPaths = (
			);
			inputPaths = (
				"${PODS_PODFILE_DIR_PATH}/Podfile.lock",
				"${PODS_ROOT}/Manifest.lock",
			);
			name = "[CP] Check Pods Manifest.lock";
			outputFileListPaths = (
			);
			outputPaths = (
				"$(DERIVED_FILE_DIR)/Pods-HeightMapAR-checkManifestLockResult.txt",
			);
			runOnlyForDeploymentPostprocessing = 0;
			shellPath = /bin/sh;
			shellScript = "diff \"${PODS_PODFILE_DIR_PATH}/Podfile.lock\" \"${PODS_ROOT}/Manifest.lock\" > /dev/null\nif [ $? != 0 ] ; then\n    # print error to STDERR\n    echo \"error: The sandbox is not in sync with the Podfile.lock. Run 'pod install' or update your CocoaPods installation.\" >&2\n    exit 1\nfi\n# This output is used by Xcode 'outputs' to avoid re-running this script phase.\necho \"SUCCESS\" > \"${SCRIPT_OUTPUT_FILE_0}\"\n";
			showEnvVarsInLog = 0;
		};
/* End PBXShellScriptBuildPhase section */

/* Begin PBXSourcesBuildPhase section */
		169C524F22A81FD5005C5B20 /* Sources */ = {
			isa = PBXSourcesBuildPhase;
			buildActionMask = 2147483647;
			files = (
				16855A4522AC3C4C00D68B3C /* Character.swift in Sources */,
				168559FD22AC346A00D68B3C /* PlayerMatches.swift in Sources */,
				16855A4722AC3CF000D68B3C /* Location.swift in Sources */,
				16855A3A22AC35F400D68B3C /* MatchRosters.swift in Sources */,
				16855A3E22AC35F400D68B3C /* MatchDeathType.swift in Sources */,
				16855A5C22AC987600D68B3C /* SearchPlayerVC.swift in Sources */,
				16855A3722AC35F400D68B3C /* MatchLinks.swift in Sources */,
				168559FC22AC346A00D68B3C /* PlayerMatchesDatum.swift in Sources */,
				16855A0122AC346A00D68B3C /* PlayerRelationships.swift in Sources */,
				16855A0222AC346A00D68B3C /* PlayerMeta.swift in Sources */,
				16855A4F22AC4FCB00D68B3C /* Item.swift in Sources */,
				16855A3222AC35F400D68B3C /* MatchParticipants.swift in Sources */,
				16855A3122AC35F400D68B3C /* MatchIncludedRelationships.swift in Sources */,
				16855A4D22AC4B7900D68B3C /* Vehicle.swift in Sources */,
				16855A3922AC35F400D68B3C /* MatchDataRelationships.swift in Sources */,
				16B4ECCC22AD2D74002036A5 /* shaders.metal in Sources */,
				168559FB22AC346A00D68B3C /* PlayerAssets.swift in Sources */,
				16855A5722AC543400D68B3C /* Common.swift in Sources */,
				16855A0322AC346A00D68B3C /* PlayerAttributes.swift in Sources */,
				1685593722AC144200D68B3C /* JSONSchemaSupport.swift in Sources */,
				16B4ECBD22AD0ED7002036A5 /* ARReplay.swift in Sources */,
				16855A3522AC35F400D68B3C /* MatchIncludedAttributes.swift in Sources */,
				16855A3622AC35F400D68B3C /* Match.swift in Sources */,
				168559FF22AC346A00D68B3C /* Player.swift in Sources */,
				16B4ECAF22AD0488002036A5 /* LoadingAlert.swift in Sources */,
				16855A3822AC35F400D68B3C /* MatchShardID.swift in Sources */,
				16855A3D22AC35F400D68B3C /* MatchIncluded.swift in Sources */,
				16855A4922AC499C00D68B3C /* Stats.swift in Sources */,
				168559FA22AC346A00D68B3C /* PlayerDatum.swift in Sources */,
				16B77B5F22AF05F700DC99F5 /* UIColor.swift in Sources */,
				16855A3422AC35F400D68B3C /* MatchStats.swift in Sources */,
				16855A3F22AC35F400D68B3C /* MatchData.swift in Sources */,
				16B4ECAB22ACF2DD002036A5 /* PlayerVC.swift in Sources */,
				16855A2F22AC35F400D68B3C /* MatchDataAttributes.swift in Sources */,
				16855A2E22AC35F400D68B3C /* MatchMeta.swift in Sources */,
				16855A3C22AC35F400D68B3C /* MatchDataLinks.swift in Sources */,
				16855A4322AC3A5800D68B3C /* BlueZoneCustomOption.swift in Sources */,
				16B4ECCB22AD2D74002036A5 /* LineDrawing.swift in Sources */,
				16855A0422AC346A00D68B3C /* PlayerDatumLinks.swift in Sources */,
				16855A4022AC35F400D68B3C /* MatchAssets.swift in Sources */,
				169C527A22A84463005C5B20 /* MapNode.swift in Sources */,
				168558F322ABCAF300D68B3C /* PubgAPI.swift in Sources */,
				16855A3322AC35F400D68B3C /* MatchType.swift in Sources */,
				16855A3022AC35F400D68B3C /* MatchDatum.swift in Sources */,
				16855A5122AC515E00D68B3C /* ItemPackage.swift in Sources */,
				16855A5A22AC54E400D68B3C /* Event.swift in Sources */,
				168559FE22AC346A00D68B3C /* PlayerLinks.swift in Sources */,
				16855A5522AC530A00D68B3C /* GameState.swift in Sources */,
				16B4ECAD22AD03A8002036A5 /* MatchVC.swift in Sources */,
				16ECE2E822AA80190060583E /* Spawn.swift in Sources */,
				16855A4B22AC4AD500D68B3C /* GameResult.swift in Sources */,
				169C525922A81FD5005C5B20 /* ARMap.swift in Sources */,
				16855A0022AC346A00D68B3C /* PlayerType.swift in Sources */,
				16B4ECC822AD2999002036A5 /* AssetPreload.swift in Sources */,
				16855A3B22AC35F400D68B3C /* MatchTeam.swift in Sources */,
				169C525722A81FD5005C5B20 /* AppDelegate.swift in Sources */,
			);
			runOnlyForDeploymentPostprocessing = 0;
		};
/* End PBXSourcesBuildPhase section */

/* Begin PBXVariantGroup section */
		169C525A22A81FD5005C5B20 /* Main.storyboard */ = {
			isa = PBXVariantGroup;
			children = (
				169C525B22A81FD5005C5B20 /* Base */,
			);
			name = Main.storyboard;
			sourceTree = "<group>";
		};
		169C525F22A81FD7005C5B20 /* LaunchScreen.storyboard */ = {
			isa = PBXVariantGroup;
			children = (
				169C526022A81FD7005C5B20 /* Base */,
			);
			name = LaunchScreen.storyboard;
			sourceTree = "<group>";
		};
/* End PBXVariantGroup section */

/* Begin XCBuildConfiguration section */
		169C526322A81FD7005C5B20 /* Debug */ = {
			isa = XCBuildConfiguration;
			buildSettings = {
				ALWAYS_SEARCH_USER_PATHS = NO;
				CLANG_ANALYZER_NONNULL = YES;
				CLANG_ANALYZER_NUMBER_OBJECT_CONVERSION = YES_AGGRESSIVE;
				CLANG_CXX_LANGUAGE_STANDARD = "gnu++14";
				CLANG_CXX_LIBRARY = "libc++";
				CLANG_ENABLE_MODULES = YES;
				CLANG_ENABLE_OBJC_ARC = YES;
				CLANG_ENABLE_OBJC_WEAK = YES;
				CLANG_WARN_BLOCK_CAPTURE_AUTORELEASING = YES;
				CLANG_WARN_BOOL_CONVERSION = YES;
				CLANG_WARN_COMMA = YES;
				CLANG_WARN_CONSTANT_CONVERSION = YES;
				CLANG_WARN_DEPRECATED_OBJC_IMPLEMENTATIONS = YES;
				CLANG_WARN_DIRECT_OBJC_ISA_USAGE = YES_ERROR;
				CLANG_WARN_DOCUMENTATION_COMMENTS = YES;
				CLANG_WARN_EMPTY_BODY = YES;
				CLANG_WARN_ENUM_CONVERSION = YES;
				CLANG_WARN_INFINITE_RECURSION = YES;
				CLANG_WARN_INT_CONVERSION = YES;
				CLANG_WARN_NON_LITERAL_NULL_CONVERSION = YES;
				CLANG_WARN_OBJC_IMPLICIT_RETAIN_SELF = YES;
				CLANG_WARN_OBJC_LITERAL_CONVERSION = YES;
				CLANG_WARN_OBJC_ROOT_CLASS = YES_ERROR;
				CLANG_WARN_RANGE_LOOP_ANALYSIS = YES;
				CLANG_WARN_STRICT_PROTOTYPES = YES;
				CLANG_WARN_SUSPICIOUS_MOVE = YES;
				CLANG_WARN_UNGUARDED_AVAILABILITY = YES_AGGRESSIVE;
				CLANG_WARN_UNREACHABLE_CODE = YES;
				CLANG_WARN__DUPLICATE_METHOD_MATCH = YES;
				CODE_SIGN_IDENTITY = "iPhone Developer";
				COPY_PHASE_STRIP = NO;
				DEBUG_INFORMATION_FORMAT = dwarf;
				ENABLE_STRICT_OBJC_MSGSEND = YES;
				ENABLE_TESTABILITY = YES;
				GCC_C_LANGUAGE_STANDARD = gnu11;
				GCC_DYNAMIC_NO_PIC = NO;
				GCC_NO_COMMON_BLOCKS = YES;
				GCC_OPTIMIZATION_LEVEL = 0;
				GCC_PREPROCESSOR_DEFINITIONS = (
					"DEBUG=1",
					"$(inherited)",
				);
				GCC_WARN_64_TO_32_BIT_CONVERSION = YES;
				GCC_WARN_ABOUT_RETURN_TYPE = YES_ERROR;
				GCC_WARN_UNDECLARED_SELECTOR = YES;
				GCC_WARN_UNINITIALIZED_AUTOS = YES_AGGRESSIVE;
				GCC_WARN_UNUSED_FUNCTION = YES;
				GCC_WARN_UNUSED_VARIABLE = YES;
				IPHONEOS_DEPLOYMENT_TARGET = 12.2;
				MTL_ENABLE_DEBUG_INFO = INCLUDE_SOURCE;
				MTL_FAST_MATH = YES;
				ONLY_ACTIVE_ARCH = YES;
				SDKROOT = iphoneos;
				SWIFT_ACTIVE_COMPILATION_CONDITIONS = DEBUG;
				SWIFT_OPTIMIZATION_LEVEL = "-Onone";
			};
			name = Debug;
		};
		169C526422A81FD7005C5B20 /* Release */ = {
			isa = XCBuildConfiguration;
			buildSettings = {
				ALWAYS_SEARCH_USER_PATHS = NO;
				CLANG_ANALYZER_NONNULL = YES;
				CLANG_ANALYZER_NUMBER_OBJECT_CONVERSION = YES_AGGRESSIVE;
				CLANG_CXX_LANGUAGE_STANDARD = "gnu++14";
				CLANG_CXX_LIBRARY = "libc++";
				CLANG_ENABLE_MODULES = YES;
				CLANG_ENABLE_OBJC_ARC = YES;
				CLANG_ENABLE_OBJC_WEAK = YES;
				CLANG_WARN_BLOCK_CAPTURE_AUTORELEASING = YES;
				CLANG_WARN_BOOL_CONVERSION = YES;
				CLANG_WARN_COMMA = YES;
				CLANG_WARN_CONSTANT_CONVERSION = YES;
				CLANG_WARN_DEPRECATED_OBJC_IMPLEMENTATIONS = YES;
				CLANG_WARN_DIRECT_OBJC_ISA_USAGE = YES_ERROR;
				CLANG_WARN_DOCUMENTATION_COMMENTS = YES;
				CLANG_WARN_EMPTY_BODY = YES;
				CLANG_WARN_ENUM_CONVERSION = YES;
				CLANG_WARN_INFINITE_RECURSION = YES;
				CLANG_WARN_INT_CONVERSION = YES;
				CLANG_WARN_NON_LITERAL_NULL_CONVERSION = YES;
				CLANG_WARN_OBJC_IMPLICIT_RETAIN_SELF = YES;
				CLANG_WARN_OBJC_LITERAL_CONVERSION = YES;
				CLANG_WARN_OBJC_ROOT_CLASS = YES_ERROR;
				CLANG_WARN_RANGE_LOOP_ANALYSIS = YES;
				CLANG_WARN_STRICT_PROTOTYPES = YES;
				CLANG_WARN_SUSPICIOUS_MOVE = YES;
				CLANG_WARN_UNGUARDED_AVAILABILITY = YES_AGGRESSIVE;
				CLANG_WARN_UNREACHABLE_CODE = YES;
				CLANG_WARN__DUPLICATE_METHOD_MATCH = YES;
				CODE_SIGN_IDENTITY = "iPhone Developer";
				COPY_PHASE_STRIP = NO;
				DEBUG_INFORMATION_FORMAT = "dwarf-with-dsym";
				ENABLE_NS_ASSERTIONS = NO;
				ENABLE_STRICT_OBJC_MSGSEND = YES;
				GCC_C_LANGUAGE_STANDARD = gnu11;
				GCC_NO_COMMON_BLOCKS = YES;
				GCC_WARN_64_TO_32_BIT_CONVERSION = YES;
				GCC_WARN_ABOUT_RETURN_TYPE = YES_ERROR;
				GCC_WARN_UNDECLARED_SELECTOR = YES;
				GCC_WARN_UNINITIALIZED_AUTOS = YES_AGGRESSIVE;
				GCC_WARN_UNUSED_FUNCTION = YES;
				GCC_WARN_UNUSED_VARIABLE = YES;
				IPHONEOS_DEPLOYMENT_TARGET = 12.2;
				MTL_ENABLE_DEBUG_INFO = NO;
				MTL_FAST_MATH = YES;
				SDKROOT = iphoneos;
				SWIFT_COMPILATION_MODE = wholemodule;
				SWIFT_OPTIMIZATION_LEVEL = "-O";
				VALIDATE_PRODUCT = YES;
			};
			name = Release;
		};
		169C526622A81FD7005C5B20 /* Debug */ = {
			isa = XCBuildConfiguration;
			baseConfigurationReference = 32652AF5BE20EB9DB2DC95A7 /* Pods-HeightMapAR.debug.xcconfig */;
			buildSettings = {
				ASSETCATALOG_COMPILER_APPICON_NAME = AppIcon;
				CODE_SIGN_STYLE = Automatic;
				DEVELOPMENT_TEAM = 2JJ8VV7365;
				INFOPLIST_FILE = HeightMapAR/Info.plist;
				LD_RUNPATH_SEARCH_PATHS = (
					"$(inherited)",
					"@executable_path/Frameworks",
				);
				PRODUCT_BUNDLE_IDENTIFIER = TGL.HeightMapAR;
				PRODUCT_NAME = "$(TARGET_NAME)";
				SWIFT_VERSION = 5.0;
				TARGETED_DEVICE_FAMILY = "1,2";
			};
			name = Debug;
		};
		169C526722A81FD7005C5B20 /* Release */ = {
			isa = XCBuildConfiguration;
			baseConfigurationReference = F21C6E35EA0AE25EF60AE897 /* Pods-HeightMapAR.release.xcconfig */;
			buildSettings = {
				ASSETCATALOG_COMPILER_APPICON_NAME = AppIcon;
				CODE_SIGN_STYLE = Automatic;
				DEVELOPMENT_TEAM = 2JJ8VV7365;
				INFOPLIST_FILE = HeightMapAR/Info.plist;
				LD_RUNPATH_SEARCH_PATHS = (
					"$(inherited)",
					"@executable_path/Frameworks",
				);
				PRODUCT_BUNDLE_IDENTIFIER = TGL.HeightMapAR;
				PRODUCT_NAME = "$(TARGET_NAME)";
				SWIFT_VERSION = 5.0;
				TARGETED_DEVICE_FAMILY = "1,2";
			};
			name = Release;
		};
/* End XCBuildConfiguration section */

/* Begin XCConfigurationList section */
		169C524E22A81FD5005C5B20 /* Build configuration list for PBXProject "HeightMapAR" */ = {
			isa = XCConfigurationList;
			buildConfigurations = (
				169C526322A81FD7005C5B20 /* Debug */,
				169C526422A81FD7005C5B20 /* Release */,
			);
			defaultConfigurationIsVisible = 0;
			defaultConfigurationName = Release;
		};
		169C526522A81FD7005C5B20 /* Build configuration list for PBXNativeTarget "HeightMapAR" */ = {
			isa = XCConfigurationList;
			buildConfigurations = (
				169C526622A81FD7005C5B20 /* Debug */,
				169C526722A81FD7005C5B20 /* Release */,
			);
			defaultConfigurationIsVisible = 0;
			defaultConfigurationName = Release;
		};
/* End XCConfigurationList section */
	};
	rootObject = 169C524B22A81FD5005C5B20 /* Project object */;
}
